
Microsoft Visual Studio Solution File, Format Version 12.00
# Visual Studio 14
VisualStudioVersion = 14.0.23107.0
MinimumVisualStudioVersion = 10.0.40219.1
Project("{8BC9CEB8-8B4A-11D0-8D11-00A0C91BC942}") = "uPatch", "uPatch\uPatch.vcxproj", "{B607F68F-63A4-4D3F-9DA1-6DEEC23DD6FC}"
EndProject
Project("{8BC9CEB8-8B4A-11D0-8D11-00A0C91BC942}") = "uSetup", "uSetup\uSetup.vcxproj", "{8AA51C6F-393E-4289-B1ED-CD9EB9735388}"
EndProject
Global
	GlobalSection(SolutionConfigurationPlatforms) = preSolution
		Debug|x64 = Debug|x64
		Debug|x86 = Debug|x86
		Release|x64 = Release|x64
		Release|x86 = Release|x86
	EndGlobalSection
	GlobalSection(ProjectConfigurationPlatforms) = postSolution
		{B607F68F-63A4-4D3F-9DA1-6DEEC23DD6FC}.Debug|x64.ActiveCfg = Debug|x64
		{B607F68F-63A4-4D3F-9DA1-6DEEC23DD6FC}.Debug|x64.Build.0 = Debug|x64
		{B607F68F-63A4-4D3F-9DA1-6DEEC23DD6FC}.Debug|x86.ActiveCfg = Debug|Win32
		{B607F68F-63A4-4D3F-9DA1-6DEEC23DD6FC}.Debug|x86.Build.0 = Debug|Win32
		{B607F68F-63A4-4D3F-9DA1-6DEEC23DD6FC}.Release|x64.ActiveCfg = Release|x64
		{B607F68F-63A4-4D3F-9DA1-6DEEC23DD6FC}.Release|x64.Build.0 = Release|x64
		{B607F68F-63A4-4D3F-9DA1-6DEEC23DD6FC}.Release|x86.ActiveCfg = Release|Win32
		{B607F68F-63A4-4D3F-9DA1-6DEEC23DD6FC}.Release|x86.Build.0 = Release|Win32
		{8AA51C6F-393E-4289-B1ED-CD9EB9735388}.Debug|x64.ActiveCfg = Debug|x64
		{8AA51C6F-393E-4289-B1ED-CD9EB9735388}.Debug|x64.Build.0 = Debug|x64
		{8AA51C6F-393E-4289-B1ED-CD9EB9735388}.Debug|x86.ActiveCfg = Debug|Win32
		{8AA51C6F-393E-4289-B1ED-CD9EB9735388}.Debug|x86.Build.0 = Debug|Win32
		{8AA51C6F-393E-4289-B1ED-CD9EB9735388}.Release|x64.ActiveCfg = Release|x64
		{8AA51C6F-393E-4289-B1ED-CD9EB9735388}.Release|x64.Build.0 = Release|x64
		{8AA51C6F-393E-4289-B1ED-CD9EB9735388}.Release|x86.ActiveCfg = Release|Win32
		{8AA51C6F-393E-4289-B1ED-CD9EB9735388}.Release|x86.Build.0 = Release|Win32
	EndGlobalSection
	GlobalSection(SolutionProperties) = preSolution
		HideSolutionNode = FALSE
	EndGlobalSection
EndGlobal
